// !$*UTF8*$!
{
	archiveVersion = 1;
	classes = {
	};
	objectVersion = 55;
	objects = {

/* Begin PBXBuildFile section */
		1F9B971828303C5800AE3F8D /* nexumApp.swift in Sources */ = {isa = PBXBuildFile; fileRef = 1F9B971728303C5800AE3F8D /* nexumApp.swift */; };
		1F9B971C28303C5A00AE3F8D /* Assets.xcassets in Resources */ = {isa = PBXBuildFile; fileRef = 1F9B971B28303C5A00AE3F8D /* Assets.xcassets */; };
		1F9B971F28303C5A00AE3F8D /* Preview Assets.xcassets in Resources */ = {isa = PBXBuildFile; fileRef = 1F9B971E28303C5A00AE3F8D /* Preview Assets.xcassets */; };
		1F9B972928303C5A00AE3F8D /* nexumTests.swift in Sources */ = {isa = PBXBuildFile; fileRef = 1F9B972828303C5A00AE3F8D /* nexumTests.swift */; };
		1F9B973328303C5A00AE3F8D /* nexumUITests.swift in Sources */ = {isa = PBXBuildFile; fileRef = 1F9B973228303C5A00AE3F8D /* nexumUITests.swift */; };
		1F9B973528303C5A00AE3F8D /* nexumUITestsLaunchTests.swift in Sources */ = {isa = PBXBuildFile; fileRef = 1F9B973428303C5A00AE3F8D /* nexumUITestsLaunchTests.swift */; };
/* End PBXBuildFile section */

/* Begin PBXContainerItemProxy section */
		1F9B972528303C5A00AE3F8D /* PBXContainerItemProxy */ = {
			isa = PBXContainerItemProxy;
			containerPortal = 1F9B970C28303C5800AE3F8D /* Project object */;
			proxyType = 1;
			remoteGlobalIDString = 1F9B971328303C5800AE3F8D;
			remoteInfo = nexum;
		};
		1F9B972F28303C5A00AE3F8D /* PBXContainerItemProxy */ = {
			isa = PBXContainerItemProxy;
			containerPortal = 1F9B970C28303C5800AE3F8D /* Project object */;
			proxyType = 1;
			remoteGlobalIDString = 1F9B971328303C5800AE3F8D;
			remoteInfo = nexum;
		};
/* End PBXContainerItemProxy section */

/* Begin PBXFileReference section */
		1F9B971428303C5800AE3F8D /* nexum.app */ = {isa = PBXFileReference; explicitFileType = wrapper.application; includeInIndex = 0; path = nexum.app; sourceTree = BUILT_PRODUCTS_DIR; };
		1F9B971728303C5800AE3F8D /* nexumApp.swift */ = {isa = PBXFileReference; lastKnownFileType = sourcecode.swift; path = nexumApp.swift; sourceTree = "<group>"; };
		1F9B971B28303C5A00AE3F8D /* Assets.xcassets */ = {isa = PBXFileReference; lastKnownFileType = folder.assetcatalog; path = Assets.xcassets; sourceTree = "<group>"; };
		1F9B971E28303C5A00AE3F8D /* Preview Assets.xcassets */ = {isa = PBXFileReference; lastKnownFileType = folder.assetcatalog; path = "Preview Assets.xcassets"; sourceTree = "<group>"; };
		1F9B972428303C5A00AE3F8D /* nexumTests.xctest */ = {isa = PBXFileReference; explicitFileType = wrapper.cfbundle; includeInIndex = 0; path = nexumTests.xctest; sourceTree = BUILT_PRODUCTS_DIR; };
		1F9B972828303C5A00AE3F8D /* nexumTests.swift */ = {isa = PBXFileReference; lastKnownFileType = sourcecode.swift; path = nexumTests.swift; sourceTree = "<group>"; };
		1F9B972E28303C5A00AE3F8D /* nexumUITests.xctest */ = {isa = PBXFileReference; explicitFileType = wrapper.cfbundle; includeInIndex = 0; path = nexumUITests.xctest; sourceTree = BUILT_PRODUCTS_DIR; };
		1F9B973228303C5A00AE3F8D /* nexumUITests.swift */ = {isa = PBXFileReference; lastKnownFileType = sourcecode.swift; path = nexumUITests.swift; sourceTree = "<group>"; };
		1F9B973428303C5A00AE3F8D /* nexumUITestsLaunchTests.swift */ = {isa = PBXFileReference; lastKnownFileType = sourcecode.swift; path = nexumUITestsLaunchTests.swift; sourceTree = "<group>"; };
/* End PBXFileReference section */

/* Begin PBXFrameworksBuildPhase section */
		1F9B971128303C5800AE3F8D /* Frameworks */ = {
			isa = PBXFrameworksBuildPhase;
			buildActionMask = 2147483647;
			files = (
			);
			runOnlyForDeploymentPostprocessing = 0;
		};
		1F9B972128303C5A00AE3F8D /* Frameworks */ = {
			isa = PBXFrameworksBuildPhase;
			buildActionMask = 2147483647;
			files = (
			);
			runOnlyForDeploymentPostprocessing = 0;
		};
		1F9B972B28303C5A00AE3F8D /* Frameworks */ = {
			isa = PBXFrameworksBuildPhase;
			buildActionMask = 2147483647;
			files = (
			);
			runOnlyForDeploymentPostprocessing = 0;
		};
/* End PBXFrameworksBuildPhase section */

/* Begin PBXGroup section */
		1F9B970B28303C5800AE3F8D = {
			isa = PBXGroup;
			children = (
				1F9B971628303C5800AE3F8D /* nexum */,
				1F9B972728303C5A00AE3F8D /* nexumTests */,
				1F9B973128303C5A00AE3F8D /* nexumUITests */,
				1F9B971528303C5800AE3F8D /* Products */,
			);
			sourceTree = "<group>";
		};
		1F9B971528303C5800AE3F8D /* Products */ = {
			isa = PBXGroup;
			children = (
				1F9B971428303C5800AE3F8D /* nexum.app */,
				1F9B972428303C5A00AE3F8D /* nexumTests.xctest */,
				1F9B972E28303C5A00AE3F8D /* nexumUITests.xctest */,
			);
			name = Products;
			sourceTree = "<group>";
		};
		1F9B971628303C5800AE3F8D /* nexum */ = {
			isa = PBXGroup;
			children = (
				1F9B971728303C5800AE3F8D /* nexumApp.swift */,
				1F9B971B28303C5A00AE3F8D /* Assets.xcassets */,
				1F9B971D28303C5A00AE3F8D /* Preview Content */,
			);
			path = nexum;
			sourceTree = "<group>";
		};
		1F9B971D28303C5A00AE3F8D /* Preview Content */ = {
			isa = PBXGroup;
			children = (
				1F9B971E28303C5A00AE3F8D /* Preview Assets.xcassets */,
			);
			path = "Preview Content";
			sourceTree = "<group>";
		};
		1F9B972728303C5A00AE3F8D /* nexumTests */ = {
			isa = PBXGroup;
			children = (
				1F9B972828303C5A00AE3F8D /* nexumTests.swift */,
			);
			path = nexumTests;
			sourceTree = "<group>";
		};
		1F9B973128303C5A00AE3F8D /* nexumUITests */ = {
			isa = PBXGroup;
			children = (
				1F9B973228303C5A00AE3F8D /* nexumUITests.swift */,
				1F9B973428303C5A00AE3F8D /* nexumUITestsLaunchTests.swift */,
			);
			path = nexumUITests;
			sourceTree = "<group>";
		};
/* End PBXGroup section */

/* Begin PBXNativeTarget section */
		1F9B971328303C5800AE3F8D /* nexum */ = {
			isa = PBXNativeTarget;
			buildConfigurationList = 1F9B973828303C5A00AE3F8D /* Build configuration list for PBXNativeTarget "nexum" */;
			buildPhases = (
				1F9B971028303C5800AE3F8D /* Sources */,
				1F9B971128303C5800AE3F8D /* Frameworks */,
				1F9B971228303C5800AE3F8D /* Resources */,
			);
			buildRules = (
			);
			dependencies = (
			);
			name = nexum;
			productName = nexum;
			productReference = 1F9B971428303C5800AE3F8D /* nexum.app */;
			productType = "com.apple.product-type.application";
		};
		1F9B972328303C5A00AE3F8D /* nexumTests */ = {
			isa = PBXNativeTarget;
			buildConfigurationList = 1F9B973B28303C5A00AE3F8D /* Build configuration list for PBXNativeTarget "nexumTests" */;
			buildPhases = (
				1F9B972028303C5A00AE3F8D /* Sources */,
				1F9B972128303C5A00AE3F8D /* Frameworks */,
				1F9B972228303C5A00AE3F8D /* Resources */,
			);
			buildRules = (
			);
			dependencies = (
				1F9B972628303C5A00AE3F8D /* PBXTargetDependency */,
			);
			name = nexumTests;
			productName = nexumTests;
			productReference = 1F9B972428303C5A00AE3F8D /* nexumTests.xctest */;
			productType = "com.apple.product-type.bundle.unit-test";
		};
		1F9B972D28303C5A00AE3F8D /* nexumUITests */ = {
			isa = PBXNativeTarget;
			buildConfigurationList = 1F9B973E28303C5A00AE3F8D /* Build configuration list for PBXNativeTarget "nexumUITests" */;
			buildPhases = (
				1F9B972A28303C5A00AE3F8D /* Sources */,
				1F9B972B28303C5A00AE3F8D /* Frameworks */,
				1F9B972C28303C5A00AE3F8D /* Resources */,
			);
			buildRules = (
			);
			dependencies = (
				1F9B973028303C5A00AE3F8D /* PBXTargetDependency */,
			);
			name = nexumUITests;
			productName = nexumUITests;
			productReference = 1F9B972E28303C5A00AE3F8D /* nexumUITests.xctest */;
			productType = "com.apple.product-type.bundle.ui-testing";
		};
/* End PBXNativeTarget section */

/* Begin PBXProject section */
		1F9B970C28303C5800AE3F8D /* Project object */ = {
			isa = PBXProject;
			attributes = {
				BuildIndependentTargetsInParallel = 1;
				LastSwiftUpdateCheck = 1320;
				LastUpgradeCheck = 1320;
				TargetAttributes = {
					1F9B971328303C5800AE3F8D = {
						CreatedOnToolsVersion = 13.2.1;
					};
					1F9B972328303C5A00AE3F8D = {
						CreatedOnToolsVersion = 13.2.1;
						TestTargetID = 1F9B971328303C5800AE3F8D;
					};
					1F9B972D28303C5A00AE3F8D = {
						CreatedOnToolsVersion = 13.2.1;
						TestTargetID = 1F9B971328303C5800AE3F8D;
					};
				};
			};
			buildConfigurationList = 1F9B970F28303C5800AE3F8D /* Build configuration list for PBXProject "nexum" */;
			compatibilityVersion = "Xcode 13.0";
			developmentRegion = en;
			hasScannedForEncodings = 0;
			knownRegions = (
				en,
				Base,
			);
			mainGroup = 1F9B970B28303C5800AE3F8D;
			productRefGroup = 1F9B971528303C5800AE3F8D /* Products */;
			projectDirPath = "";
			projectRoot = "";
			targets = (
				1F9B971328303C5800AE3F8D /* nexum */,
				1F9B972328303C5A00AE3F8D /* nexumTests */,
				1F9B972D28303C5A00AE3F8D /* nexumUITests */,
			);
		};
/* End PBXProject section */

/* Begin PBXResourcesBuildPhase section */
		1F9B971228303C5800AE3F8D /* Resources */ = {
			isa = PBXResourcesBuildPhase;
			buildActionMask = 2147483647;
			files = (
				1F9B971F28303C5A00AE3F8D /* Preview Assets.xcassets in Resources */,
				1F9B971C28303C5A00AE3F8D /* Assets.xcassets in Resources */,
			);
			runOnlyForDeploymentPostprocessing = 0;
		};
		1F9B972228303C5A00AE3F8D /* Resources */ = {
			isa = PBXResourcesBuildPhase;
			buildActionMask = 2147483647;
			files = (
			);
			runOnlyForDeploymentPostprocessing = 0;
		};
		1F9B972C28303C5A00AE3F8D /* Resources */ = {
			isa = PBXResourcesBuildPhase;
			buildActionMask = 2147483647;
			files = (
			);
			runOnlyForDeploymentPostprocessing = 0;
		};
/* End PBXResourcesBuildPhase section */

/* Begin PBXSourcesBuildPhase section */
		1F9B971028303C5800AE3F8D /* Sources */ = {
			isa = PBXSourcesBuildPhase;
			buildActionMask = 2147483647;
			files = (
				1F9B971828303C5800AE3F8D /* nexumApp.swift in Sources */,
			);
			runOnlyForDeploymentPostprocessing = 0;
		};
		1F9B972028303C5A00AE3F8D /* Sources */ = {
			isa = PBXSourcesBuildPhase;
			buildActionMask = 2147483647;
			files = (
				1F9B972928303C5A00AE3F8D /* nexumTests.swift in Sources */,
			);
			runOnlyForDeploymentPostprocessing = 0;
		};
		1F9B972A28303C5A00AE3F8D /* Sources */ = {
			isa = PBXSourcesBuildPhase;
			buildActionMask = 2147483647;
			files = (
				1F9B973528303C5A00AE3F8D /* nexumUITestsLaunchTests.swift in Sources */,
				1F9B973328303C5A00AE3F8D /* nexumUITests.swift in Sources */,
			);
			runOnlyForDeploymentPostprocessing = 0;
		};
/* End PBXSourcesBuildPhase section */

/* Begin PBXTargetDependency section */
		1F9B972628303C5A00AE3F8D /* PBXTargetDependency */ = {
			isa = PBXTargetDependency;
			target = 1F9B971328303C5800AE3F8D /* nexum */;
			targetProxy = 1F9B972528303C5A00AE3F8D /* PBXContainerItemProxy */;
		};
		1F9B973028303C5A00AE3F8D /* PBXTargetDependency */ = {
			isa = PBXTargetDependency;
			target = 1F9B971328303C5800AE3F8D /* nexum */;
			targetProxy = 1F9B972F28303C5A00AE3F8D /* PBXContainerItemProxy */;
		};
/* End PBXTargetDependency section */

/* Begin XCBuildConfiguration section */
		1F9B973628303C5A00AE3F8D /* Debug */ = {
			isa = XCBuildConfiguration;
			buildSettings = {
				ALWAYS_SEARCH_USER_PATHS = NO;
				CLANG_ANALYZER_NONNULL = YES;
				CLANG_ANALYZER_NUMBER_OBJECT_CONVERSION = YES_AGGRESSIVE;
				CLANG_CXX_LANGUAGE_STANDARD = "gnu++17";
				CLANG_CXX_LIBRARY = "libc++";
				CLANG_ENABLE_MODULES = YES;
				CLANG_ENABLE_OBJC_ARC = YES;
				CLANG_ENABLE_OBJC_WEAK = YES;
				CLANG_WARN_BLOCK_CAPTURE_AUTORELEASING = YES;
				CLANG_WARN_BOOL_CONVERSION = YES;
				CLANG_WARN_COMMA = YES;
				CLANG_WARN_CONSTANT_CONVERSION = YES;
				CLANG_WARN_DEPRECATED_OBJC_IMPLEMENTATIONS = YES;
				CLANG_WARN_DIRECT_OBJC_ISA_USAGE = YES_ERROR;
				CLANG_WARN_DOCUMENTATION_COMMENTS = YES;
				CLANG_WARN_EMPTY_BODY = YES;
				CLANG_WARN_ENUM_CONVERSION = YES;
				CLANG_WARN_INFINITE_RECURSION = YES;
				CLANG_WARN_INT_CONVERSION = YES;
				CLANG_WARN_NON_LITERAL_NULL_CONVERSION = YES;
				CLANG_WARN_OBJC_IMPLICIT_RETAIN_SELF = YES;
				CLANG_WARN_OBJC_LITERAL_CONVERSION = YES;
				CLANG_WARN_OBJC_ROOT_CLASS = YES_ERROR;
				CLANG_WARN_QUOTED_INCLUDE_IN_FRAMEWORK_HEADER = YES;
				CLANG_WARN_RANGE_LOOP_ANALYSIS = YES;
				CLANG_WARN_STRICT_PROTOTYPES = YES;
				CLANG_WARN_SUSPICIOUS_MOVE = YES;
				CLANG_WARN_UNGUARDED_AVAILABILITY = YES_AGGRESSIVE;
				CLANG_WARN_UNREACHABLE_CODE = YES;
				CLANG_WARN__DUPLICATE_METHOD_MATCH = YES;
				COPY_PHASE_STRIP = NO;
				DEBUG_INFORMATION_FORMAT = dwarf;
				ENABLE_STRICT_OBJC_MSGSEND = YES;
				ENABLE_TESTABILITY = YES;
				GCC_C_LANGUAGE_STANDARD = gnu11;
				GCC_DYNAMIC_NO_PIC = NO;
				GCC_NO_COMMON_BLOCKS = YES;
				GCC_OPTIMIZATION_LEVEL = 0;
				GCC_PREPROCESSOR_DEFINITIONS = (
					"DEBUG=1",
					"$(inherited)",
				);
				GCC_WARN_64_TO_32_BIT_CONVERSION = YES;
				GCC_WARN_ABOUT_RETURN_TYPE = YES_ERROR;
				GCC_WARN_UNDECLARED_SELECTOR = YES;
				GCC_WARN_UNINITIALIZED_AUTOS = YES_AGGRESSIVE;
				GCC_WARN_UNUSED_FUNCTION = YES;
				GCC_WARN_UNUSED_VARIABLE = YES;
				IPHONEOS_DEPLOYMENT_TARGET = 15.2;
				MTL_ENABLE_DEBUG_INFO = INCLUDE_SOURCE;
				MTL_FAST_MATH = YES;
				ONLY_ACTIVE_ARCH = YES;
				SDKROOT = iphoneos;
				SWIFT_ACTIVE_COMPILATION_CONDITIONS = DEBUG;
				SWIFT_OPTIMIZATION_LEVEL = "-Onone";
			};
			name = Debug;
		};
		1F9B973728303C5A00AE3F8D /* Release */ = {
			isa = XCBuildConfiguration;
			buildSettings = {
				ALWAYS_SEARCH_USER_PATHS = NO;
				CLANG_ANALYZER_NONNULL = YES;
				CLANG_ANALYZER_NUMBER_OBJECT_CONVERSION = YES_AGGRESSIVE;
				CLANG_CXX_LANGUAGE_STANDARD = "gnu++17";
				CLANG_CXX_LIBRARY = "libc++";
				CLANG_ENABLE_MODULES = YES;
				CLANG_ENABLE_OBJC_ARC = YES;
				CLANG_ENABLE_OBJC_WEAK = YES;
				CLANG_WARN_BLOCK_CAPTURE_AUTORELEASING = YES;
				CLANG_WARN_BOOL_CONVERSION = YES;
				CLANG_WARN_COMMA = YES;
				CLANG_WARN_CONSTANT_CONVERSION = YES;
				CLANG_WARN_DEPRECATED_OBJC_IMPLEMENTATIONS = YES;
				CLANG_WARN_DIRECT_OBJC_ISA_USAGE = YES_ERROR;
				CLANG_WARN_DOCUMENTATION_COMMENTS = YES;
				CLANG_WARN_EMPTY_BODY = YES;
				CLANG_WARN_ENUM_CONVERSION = YES;
				CLANG_WARN_INFINITE_RECURSION = YES;
				CLANG_WARN_INT_CONVERSION = YES;
				CLANG_WARN_NON_LITERAL_NULL_CONVERSION = YES;
				CLANG_WARN_OBJC_IMPLICIT_RETAIN_SELF = YES;
				CLANG_WARN_OBJC_LITERAL_CONVERSION = YES;
				CLANG_WARN_OBJC_ROOT_CLASS = YES_ERROR;
				CLANG_WARN_QUOTED_INCLUDE_IN_FRAMEWORK_HEADER = YES;
				CLANG_WARN_RANGE_LOOP_ANALYSIS = YES;
				CLANG_WARN_STRICT_PROTOTYPES = YES;
				CLANG_WARN_SUSPICIOUS_MOVE = YES;
				CLANG_WARN_UNGUARDED_AVAILABILITY = YES_AGGRESSIVE;
				CLANG_WARN_UNREACHABLE_CODE = YES;
				CLANG_WARN__DUPLICATE_METHOD_MATCH = YES;
				COPY_PHASE_STRIP = NO;
				DEBUG_INFORMATION_FORMAT = "dwarf-with-dsym";
				ENABLE_NS_ASSERTIONS = NO;
				ENABLE_STRICT_OBJC_MSGSEND = YES;
				GCC_C_LANGUAGE_STANDARD = gnu11;
				GCC_NO_COMMON_BLOCKS = YES;
				GCC_WARN_64_TO_32_BIT_CONVERSION = YES;
				GCC_WARN_ABOUT_RETURN_TYPE = YES_ERROR;
				GCC_WARN_UNDECLARED_SELECTOR = YES;
				GCC_WARN_UNINITIALIZED_AUTOS = YES_AGGRESSIVE;
				GCC_WARN_UNUSED_FUNCTION = YES;
				GCC_WARN_UNUSED_VARIABLE = YES;
				IPHONEOS_DEPLOYMENT_TARGET = 15.2;
				MTL_ENABLE_DEBUG_INFO = NO;
				MTL_FAST_MATH = YES;
				SDKROOT = iphoneos;
				SWIFT_COMPILATION_MODE = wholemodule;
				SWIFT_OPTIMIZATION_LEVEL = "-O";
				VALIDATE_PRODUCT = YES;
			};
			name = Release;
		};
		1F9B973928303C5A00AE3F8D /* Debug */ = {
			isa = XCBuildConfiguration;
			buildSettings = {
				ASSETCATALOG_COMPILER_APPICON_NAME = AppIcon;
				ASSETCATALOG_COMPILER_GLOBAL_ACCENT_COLOR_NAME = AccentColor;
				CODE_SIGN_STYLE = Automatic;
				CURRENT_PROJECT_VERSION = 1;
				DEVELOPMENT_ASSET_PATHS = "\"nexum/Preview Content\"";
				DEVELOPMENT_TEAM = LC28887895;
				ENABLE_PREVIEWS = YES;
				GENERATE_INFOPLIST_FILE = YES;
				INFOPLIST_KEY_UIApplicationSceneManifest_Generation = YES;
				INFOPLIST_KEY_UIApplicationSupportsIndirectInputEvents = YES;
				INFOPLIST_KEY_UILaunchScreen_Generation = YES;
				INFOPLIST_KEY_UISupportedInterfaceOrientations_iPad = "UIInterfaceOrientationPortrait UIInterfaceOrientationPortraitUpsideDown UIInterfaceOrientationLandscapeLeft UIInterfaceOrientationLandscapeRight";
				INFOPLIST_KEY_UISupportedInterfaceOrientations_iPhone = "UIInterfaceOrientationPortrait UIInterfaceOrientationLandscapeLeft UIInterfaceOrientationLandscapeRight";
				LD_RUNPATH_SEARCH_PATHS = (
					"$(inherited)",
					"@executable_path/Frameworks",
				);
				MARKETING_VERSION = 1.0;
				PRODUCT_BUNDLE_IDENTIFIER = com.example.nexum;
				PRODUCT_NAME = "$(TARGET_NAME)";
				SWIFT_EMIT_LOC_STRINGS = YES;
				SWIFT_VERSION = 5.0;
				TARGETED_DEVICE_FAMILY = "1,2";
			};
			name = Debug;
		};
		1F9B973A28303C5A00AE3F8D /* Release */ = {
			isa = XCBuildConfiguration;
			buildSettings = {
				ASSETCATALOG_COMPILER_APPICON_NAME = AppIcon;
				ASSETCATALOG_COMPILER_GLOBAL_ACCENT_COLOR_NAME = AccentColor;
				CODE_SIGN_STYLE = Automatic;
				CURRENT_PROJECT_VERSION = 1;
				DEVELOPMENT_ASSET_PATHS = "\"nexum/Preview Content\"";
				DEVELOPMENT_TEAM = LC28887895;
				ENABLE_PREVIEWS = YES;
				GENERATE_INFOPLIST_FILE = YES;
				INFOPLIST_KEY_UIApplicationSceneManifest_Generation = YES;
				INFOPLIST_KEY_UIApplicationSupportsIndirectInputEvents = YES;
				INFOPLIST_KEY_UILaunchScreen_Generation = YES;
				INFOPLIST_KEY_UISupportedInterfaceOrientations_iPad = "UIInterfaceOrientationPortrait UIInterfaceOrientationPortraitUpsideDown UIInterfaceOrientationLandscapeLeft UIInterfaceOrientationLandscapeRight";
				INFOPLIST_KEY_UISupportedInterfaceOrientations_iPhone = "UIInterfaceOrientationPortrait UIInterfaceOrientationLandscapeLeft UIInterfaceOrientationLandscapeRight";
				LD_RUNPATH_SEARCH_PATHS = (
					"$(inherited)",
					"@executable_path/Frameworks",
				);
				MARKETING_VERSION = 1.0;
				PRODUCT_BUNDLE_IDENTIFIER = com.example.nexum;
				PRODUCT_NAME = "$(TARGET_NAME)";
				SWIFT_EMIT_LOC_STRINGS = YES;
				SWIFT_VERSION = 5.0;
				TARGETED_DEVICE_FAMILY = "1,2";
			};
			name = Release;
		};
		1F9B973C28303C5A00AE3F8D /* Debug */ = {
			isa = XCBuildConfiguration;
			buildSettings = {
				ALWAYS_EMBED_SWIFT_STANDARD_LIBRARIES = YES;
				BUNDLE_LOADER = "$(TEST_HOST)";
				CODE_SIGN_STYLE = Automatic;
				CURRENT_PROJECT_VERSION = 1;
				DEVELOPMENT_TEAM = LC28887895;
				GENERATE_INFOPLIST_FILE = YES;
				IPHONEOS_DEPLOYMENT_TARGET = 15.2;
				MARKETING_VERSION = 1.0;
				PRODUCT_BUNDLE_IDENTIFIER = com.example.nexumTests;
				PRODUCT_NAME = "$(TARGET_NAME)";
				SWIFT_EMIT_LOC_STRINGS = NO;
				SWIFT_VERSION = 5.0;
				TARGETED_DEVICE_FAMILY = "1,2";
				TEST_HOST = "$(BUILT_PRODUCTS_DIR)/nexum.app/nexum";
			};
			name = Debug;
		};
		1F9B973D28303C5A00AE3F8D /* Release */ = {
			isa = XCBuildConfiguration;
			buildSettings = {
				ALWAYS_EMBED_SWIFT_STANDARD_LIBRARIES = YES;
				BUNDLE_LOADER = "$(TEST_HOST)";
				CODE_SIGN_STYLE = Automatic;
				CURRENT_PROJECT_VERSION = 1;
				DEVELOPMENT_TEAM = LC28887895;
				GENERATE_INFOPLIST_FILE = YES;
				IPHONEOS_DEPLOYMENT_TARGET = 15.2;
				MARKETING_VERSION = 1.0;
				PRODUCT_BUNDLE_IDENTIFIER = com.example.nexumTests;
				PRODUCT_NAME = "$(TARGET_NAME)";
				SWIFT_EMIT_LOC_STRINGS = NO;
				SWIFT_VERSION = 5.0;
				TARGETED_DEVICE_FAMILY = "1,2";
				TEST_HOST = "$(BUILT_PRODUCTS_DIR)/nexum.app/nexum";
			};
			name = Release;
		};
		1F9B973F28303C5A00AE3F8D /* Debug */ = {
			isa = XCBuildConfiguration;
			buildSettings = {
				ALWAYS_EMBED_SWIFT_STANDARD_LIBRARIES = YES;
				CODE_SIGN_STYLE = Automatic;
				CURRENT_PROJECT_VERSION = 1;
				DEVELOPMENT_TEAM = LC28887895;
				GENERATE_INFOPLIST_FILE = YES;
				MARKETING_VERSION = 1.0;
				PRODUCT_BUNDLE_IDENTIFIER = com.example.nexumUITests;
				PRODUCT_NAME = "$(TARGET_NAME)";
				SWIFT_EMIT_LOC_STRINGS = NO;
				SWIFT_VERSION = 5.0;
				TARGETED_DEVICE_FAMILY = "1,2";
				TEST_TARGET_NAME = nexum;
			};
			name = Debug;
		};
		1F9B974028303C5A00AE3F8D /* Release */ = {
			isa = XCBuildConfiguration;
			buildSettings = {
				ALWAYS_EMBED_SWIFT_STANDARD_LIBRARIES = YES;
				CODE_SIGN_STYLE = Automatic;
				CURRENT_PROJECT_VERSION = 1;
				DEVELOPMENT_TEAM = LC28887895;
				GENERATE_INFOPLIST_FILE = YES;
				MARKETING_VERSION = 1.0;
				PRODUCT_BUNDLE_IDENTIFIER = com.example.nexumUITests;
				PRODUCT_NAME = "$(TARGET_NAME)";
				SWIFT_EMIT_LOC_STRINGS = NO;
				SWIFT_VERSION = 5.0;
				TARGETED_DEVICE_FAMILY = "1,2";
				TEST_TARGET_NAME = nexum;
			};
			name = Release;
		};
/* End XCBuildConfiguration section */

/* Begin XCConfigurationList section */
		1F9B970F28303C5800AE3F8D /* Build configuration list for PBXProject "nexum" */ = {
			isa = XCConfigurationList;
			buildConfigurations = (
				1F9B973628303C5A00AE3F8D /* Debug */,
				1F9B973728303C5A00AE3F8D /* Release */,
			);
			defaultConfigurationIsVisible = 0;
			defaultConfigurationName = Release;
		};
		1F9B973828303C5A00AE3F8D /* Build configuration list for PBXNativeTarget "nexum" */ = {
			isa = XCConfigurationList;
			buildConfigurations = (
				1F9B973928303C5A00AE3F8D /* Debug */,
				1F9B973A28303C5A00AE3F8D /* Release */,
			);
			defaultConfigurationIsVisible = 0;
			defaultConfigurationName = Release;
		};
		1F9B973B28303C5A00AE3F8D /* Build configuration list for PBXNativeTarget "nexumTests" */ = {
			isa = XCConfigurationList;
			buildConfigurations = (
				1F9B973C28303C5A00AE3F8D /* Debug */,
				1F9B973D28303C5A00AE3F8D /* Release */,
			);
			defaultConfigurationIsVisible = 0;
			defaultConfigurationName = Release;
		};
		1F9B973E28303C5A00AE3F8D /* Build configuration list for PBXNativeTarget "nexumUITests" */ = {
			isa = XCConfigurationList;
			buildConfigurations = (
				1F9B973F28303C5A00AE3F8D /* Debug */,
				1F9B974028303C5A00AE3F8D /* Release */,
			);
			defaultConfigurationIsVisible = 0;
			defaultConfigurationName = Release;
		};
/* End XCConfigurationList section */
	};
	rootObject = 1F9B970C28303C5800AE3F8D /* Project object */;
}
